// !$*UTF8*$!
{
	archiveVersion = 1;
	classes = {
	};
	objectVersion = 50;
	objects = {

/* Begin PBXBuildFile section */
		94FCA13B23CA91E300975C23 /* AppDelegate.swift in Sources */ = {isa = PBXBuildFile; fileRef = 94FCA13A23CA91E300975C23 /* AppDelegate.swift */; };
		94FCA13D23CA91E300975C23 /* SceneDelegate.swift in Sources */ = {isa = PBXBuildFile; fileRef = 94FCA13C23CA91E300975C23 /* SceneDelegate.swift */; };
		94FCA13F23CA91E300975C23 /* ViewController.swift in Sources */ = {isa = PBXBuildFile; fileRef = 94FCA13E23CA91E300975C23 /* ViewController.swift */; };
		94FCA14223CA91E300975C23 /* Main.storyboard in Resources */ = {isa = PBXBuildFile; fileRef = 94FCA14023CA91E300975C23 /* Main.storyboard */; };
		94FCA14423CA91E500975C23 /* Assets.xcassets in Resources */ = {isa = PBXBuildFile; fileRef = 94FCA14323CA91E500975C23 /* Assets.xcassets */; };
		94FCA14723CA91E500975C23 /* LaunchScreen.storyboard in Resources */ = {isa = PBXBuildFile; fileRef = 94FCA14523CA91E500975C23 /* LaunchScreen.storyboard */; };
		94FCA15223CA91E500975C23 /* SimpleTests.swift in Sources */ = {isa = PBXBuildFile; fileRef = 94FCA15123CA91E500975C23 /* SimpleTests.swift */; };
/* End PBXBuildFile section */

/* Begin PBXContainerItemProxy section */
		94FCA14E23CA91E500975C23 /* PBXContainerItemProxy */ = {
			isa = PBXContainerItemProxy;
			containerPortal = 94FCA12F23CA91E300975C23 /* Project object */;
			proxyType = 1;
			remoteGlobalIDString = 94FCA13623CA91E300975C23;
			remoteInfo = Simple;
		};
/* End PBXContainerItemProxy section */

/* Begin PBXFileReference section */
		94FCA13723CA91E300975C23 /* Simple.app */ = {isa = PBXFileReference; explicitFileType = wrapper.application; includeInIndex = 0; path = Simple.app; sourceTree = BUILT_PRODUCTS_DIR; };
		94FCA13A23CA91E300975C23 /* AppDelegate.swift */ = {isa = PBXFileReference; lastKnownFileType = sourcecode.swift; path = AppDelegate.swift; sourceTree = "<group>"; };
		94FCA13C23CA91E300975C23 /* SceneDelegate.swift */ = {isa = PBXFileReference; lastKnownFileType = sourcecode.swift; path = SceneDelegate.swift; sourceTree = "<group>"; };
		94FCA13E23CA91E300975C23 /* ViewController.swift */ = {isa = PBXFileReference; lastKnownFileType = sourcecode.swift; path = ViewController.swift; sourceTree = "<group>"; };
		94FCA14123CA91E300975C23 /* Base */ = {isa = PBXFileReference; lastKnownFileType = file.storyboard; name = Base; path = Base.lproj/Main.storyboard; sourceTree = "<group>"; };
		94FCA14323CA91E500975C23 /* Assets.xcassets */ = {isa = PBXFileReference; lastKnownFileType = folder.assetcatalog; path = Assets.xcassets; sourceTree = "<group>"; };
		94FCA14623CA91E500975C23 /* Base */ = {isa = PBXFileReference; lastKnownFileType = file.storyboard; name = Base; path = Base.lproj/LaunchScreen.storyboard; sourceTree = "<group>"; };
		94FCA14823CA91E500975C23 /* Info.plist */ = {isa = PBXFileReference; lastKnownFileType = text.plist.xml; path = Info.plist; sourceTree = "<group>"; };
		94FCA14D23CA91E500975C23 /* SimpleTests.xctest */ = {isa = PBXFileReference; explicitFileType = wrapper.cfbundle; includeInIndex = 0; path = SimpleTests.xctest; sourceTree = BUILT_PRODUCTS_DIR; };
		94FCA15123CA91E500975C23 /* SimpleTests.swift */ = {isa = PBXFileReference; lastKnownFileType = sourcecode.swift; path = SimpleTests.swift; sourceTree = "<group>"; };
		94FCA15323CA91E500975C23 /* Info.plist */ = {isa = PBXFileReference; lastKnownFileType = text.plist.xml; path = Info.plist; sourceTree = "<group>"; };
/* End PBXFileReference section */

/* Begin PBXFrameworksBuildPhase section */
		94FCA13423CA91E300975C23 /* Frameworks */ = {
			isa = PBXFrameworksBuildPhase;
			buildActionMask = 2147483647;
			files = (
			);
			runOnlyForDeploymentPostprocessing = 0;
		};
		94FCA14A23CA91E500975C23 /* Frameworks */ = {
			isa = PBXFrameworksBuildPhase;
			buildActionMask = 2147483647;
			files = (
			);
			runOnlyForDeploymentPostprocessing = 0;
		};
/* End PBXFrameworksBuildPhase section */

/* Begin PBXGroup section */
		94FCA12E23CA91E300975C23 = {
			isa = PBXGroup;
			children = (
				94FCA13923CA91E300975C23 /* Simple */,
				94FCA15023CA91E500975C23 /* SimpleTests */,
				94FCA13823CA91E300975C23 /* Products */,
			);
			sourceTree = "<group>";
		};
		94FCA13823CA91E300975C23 /* Products */ = {
			isa = PBXGroup;
			children = (
				94FCA13723CA91E300975C23 /* Simple.app */,
				94FCA14D23CA91E500975C23 /* SimpleTests.xctest */,
			);
			name = Products;
			sourceTree = "<group>";
		};
		94FCA13923CA91E300975C23 /* Simple */ = {
			isa = PBXGroup;
			children = (
				94FCA13A23CA91E300975C23 /* AppDelegate.swift */,
				94FCA13C23CA91E300975C23 /* SceneDelegate.swift */,
				94FCA13E23CA91E300975C23 /* ViewController.swift */,
				94FCA14023CA91E300975C23 /* Main.storyboard */,
				94FCA14323CA91E500975C23 /* Assets.xcassets */,
				94FCA14523CA91E500975C23 /* LaunchScreen.storyboard */,
				94FCA14823CA91E500975C23 /* Info.plist */,
			);
			path = Simple;
			sourceTree = "<group>";
		};
		94FCA15023CA91E500975C23 /* SimpleTests */ = {
			isa = PBXGroup;
			children = (
				94FCA15123CA91E500975C23 /* SimpleTests.swift */,
				94FCA15323CA91E500975C23 /* Info.plist */,
			);
			path = SimpleTests;
			sourceTree = "<group>";
		};
/* End PBXGroup section */

/* Begin PBXNativeTarget section */
		94FCA13623CA91E300975C23 /* Simple */ = {
			isa = PBXNativeTarget;
			buildConfigurationList = 94FCA15623CA91E500975C23 /* Build configuration list for PBXNativeTarget "Simple" */;
			buildPhases = (
				94FCA13323CA91E300975C23 /* Sources */,
				94FCA13423CA91E300975C23 /* Frameworks */,
				94FCA13523CA91E300975C23 /* Resources */,
			);
			buildRules = (
			);
			dependencies = (
			);
			name = Simple;
			productName = Simple;
			productReference = 94FCA13723CA91E300975C23 /* Simple.app */;
			productType = "com.apple.product-type.application";
		};
		94FCA14C23CA91E500975C23 /* SimpleTests */ = {
			isa = PBXNativeTarget;
			buildConfigurationList = 94FCA15923CA91E500975C23 /* Build configuration list for PBXNativeTarget "SimpleTests" */;
			buildPhases = (
				94FCA14923CA91E500975C23 /* Sources */,
				94FCA14A23CA91E500975C23 /* Frameworks */,
				94FCA14B23CA91E500975C23 /* Resources */,
			);
			buildRules = (
			);
			dependencies = (
				94FCA14F23CA91E500975C23 /* PBXTargetDependency */,
			);
			name = SimpleTests;
			productName = SimpleTests;
			productReference = 94FCA14D23CA91E500975C23 /* SimpleTests.xctest */;
			productType = "com.apple.product-type.bundle.unit-test";
		};
/* End PBXNativeTarget section */

/* Begin PBXProject section */
		94FCA12F23CA91E300975C23 /* Project object */ = {
			isa = PBXProject;
			attributes = {
				LastSwiftUpdateCheck = 1130;
				LastUpgradeCheck = 1130;
				ORGANIZATIONNAME = Ryan;
				TargetAttributes = {
					94FCA13623CA91E300975C23 = {
						CreatedOnToolsVersion = 11.3;
					};
					94FCA14C23CA91E500975C23 = {
						CreatedOnToolsVersion = 11.3;
						TestTargetID = 94FCA13623CA91E300975C23;
					};
				};
			};
			buildConfigurationList = 94FCA13223CA91E300975C23 /* Build configuration list for PBXProject "Simple" */;
			compatibilityVersion = "Xcode 9.3";
			developmentRegion = en;
			hasScannedForEncodings = 0;
			knownRegions = (
				en,
				Base,
			);
			mainGroup = 94FCA12E23CA91E300975C23;
			productRefGroup = 94FCA13823CA91E300975C23 /* Products */;
			projectDirPath = "";
			projectRoot = "";
			targets = (
				94FCA13623CA91E300975C23 /* Simple */,
				94FCA14C23CA91E500975C23 /* SimpleTests */,
			);
		};
/* End PBXProject section */

/* Begin PBXResourcesBuildPhase section */
		94FCA13523CA91E300975C23 /* Resources */ = {
			isa = PBXResourcesBuildPhase;
			buildActionMask = 2147483647;
			files = (
				94FCA14723CA91E500975C23 /* LaunchScreen.storyboard in Resources */,
				94FCA14423CA91E500975C23 /* Assets.xcassets in Resources */,
				94FCA14223CA91E300975C23 /* Main.storyboard in Resources */,
			);
			runOnlyForDeploymentPostprocessing = 0;
		};
		94FCA14B23CA91E500975C23 /* Resources */ = {
			isa = PBXResourcesBuildPhase;
			buildActionMask = 2147483647;
			files = (
			);
			runOnlyForDeploymentPostprocessing = 0;
		};
/* End PBXResourcesBuildPhase section */

/* Begin PBXSourcesBuildPhase section */
		94FCA13323CA91E300975C23 /* Sources */ = {
			isa = PBXSourcesBuildPhase;
			buildActionMask = 2147483647;
			files = (
				94FCA13F23CA91E300975C23 /* ViewController.swift in Sources */,
				94FCA13B23CA91E300975C23 /* AppDelegate.swift in Sources */,
				94FCA13D23CA91E300975C23 /* SceneDelegate.swift in Sources */,
			);
			runOnlyForDeploymentPostprocessing = 0;
		};
		94FCA14923CA91E500975C23 /* Sources */ = {
			isa = PBXSourcesBuildPhase;
			buildActionMask = 2147483647;
			files = (
				94FCA15223CA91E500975C23 /* SimpleTests.swift in Sources */,
			);
			runOnlyForDeploymentPostprocessing = 0;
		};
/* End PBXSourcesBuildPhase section */

/* Begin PBXTargetDependency section */
		94FCA14F23CA91E500975C23 /* PBXTargetDependency */ = {
			isa = PBXTargetDependency;
			target = 94FCA13623CA91E300975C23 /* Simple */;
			targetProxy = 94FCA14E23CA91E500975C23 /* PBXContainerItemProxy */;
		};
/* End PBXTargetDependency section */

/* Begin PBXVariantGroup section */
		94FCA14023CA91E300975C23 /* Main.storyboard */ = {
			isa = PBXVariantGroup;
			children = (
				94FCA14123CA91E300975C23 /* Base */,
			);
			name = Main.storyboard;
			sourceTree = "<group>";
		};
		94FCA14523CA91E500975C23 /* LaunchScreen.storyboard */ = {
			isa = PBXVariantGroup;
			children = (
				94FCA14623CA91E500975C23 /* Base */,
			);
			name = LaunchScreen.storyboard;
			sourceTree = "<group>";
		};
/* End PBXVariantGroup section */

/* Begin XCBuildConfiguration section */
		94FCA15423CA91E500975C23 /* Debug */ = {
			isa = XCBuildConfiguration;
			buildSettings = {
				ALWAYS_SEARCH_USER_PATHS = NO;
				CLANG_ANALYZER_NONNULL = YES;
				CLANG_ANALYZER_NUMBER_OBJECT_CONVERSION = YES_AGGRESSIVE;
				CLANG_CXX_LANGUAGE_STANDARD = "gnu++14";
				CLANG_CXX_LIBRARY = "libc++";
				CLANG_ENABLE_MODULES = YES;
				CLANG_ENABLE_OBJC_ARC = YES;
				CLANG_ENABLE_OBJC_WEAK = YES;
				CLANG_WARN_BLOCK_CAPTURE_AUTORELEASING = YES;
				CLANG_WARN_BOOL_CONVERSION = YES;
				CLANG_WARN_COMMA = YES;
				CLANG_WARN_CONSTANT_CONVERSION = YES;
				CLANG_WARN_DEPRECATED_OBJC_IMPLEMENTATIONS = YES;
				CLANG_WARN_DIRECT_OBJC_ISA_USAGE = YES_ERROR;
				CLANG_WARN_DOCUMENTATION_COMMENTS = YES;
				CLANG_WARN_EMPTY_BODY = YES;
				CLANG_WARN_ENUM_CONVERSION = YES;
				CLANG_WARN_INFINITE_RECURSION = YES;
				CLANG_WARN_INT_CONVERSION = YES;
				CLANG_WARN_NON_LITERAL_NULL_CONVERSION = YES;
				CLANG_WARN_OBJC_IMPLICIT_RETAIN_SELF = YES;
				CLANG_WARN_OBJC_LITERAL_CONVERSION = YES;
				CLANG_WARN_OBJC_ROOT_CLASS = YES_ERROR;
				CLANG_WARN_RANGE_LOOP_ANALYSIS = YES;
				CLANG_WARN_STRICT_PROTOTYPES = YES;
				CLANG_WARN_SUSPICIOUS_MOVE = YES;
				CLANG_WARN_UNGUARDED_AVAILABILITY = YES_AGGRESSIVE;
				CLANG_WARN_UNREACHABLE_CODE = YES;
				CLANG_WARN__DUPLICATE_METHOD_MATCH = YES;
				COPY_PHASE_STRIP = NO;
				DEBUG_INFORMATION_FORMAT = dwarf;
				ENABLE_STRICT_OBJC_MSGSEND = YES;
				ENABLE_TESTABILITY = YES;
				GCC_C_LANGUAGE_STANDARD = gnu11;
				GCC_DYNAMIC_NO_PIC = NO;
				GCC_NO_COMMON_BLOCKS = YES;
				GCC_OPTIMIZATION_LEVEL = 0;
				GCC_PREPROCESSOR_DEFINITIONS = (
					"DEBUG=1",
					"$(inherited)",
				);
				GCC_WARN_64_TO_32_BIT_CONVERSION = YES;
				GCC_WARN_ABOUT_RETURN_TYPE = YES_ERROR;
				GCC_WARN_UNDECLARED_SELECTOR = YES;
				GCC_WARN_UNINITIALIZED_AUTOS = YES_AGGRESSIVE;
				GCC_WARN_UNUSED_FUNCTION = YES;
				GCC_WARN_UNUSED_VARIABLE = YES;
				IPHONEOS_DEPLOYMENT_TARGET = 13.2;
				MTL_ENABLE_DEBUG_INFO = INCLUDE_SOURCE;
				MTL_FAST_MATH = YES;
				ONLY_ACTIVE_ARCH = YES;
				SDKROOT = iphoneos;
				SWIFT_ACTIVE_COMPILATION_CONDITIONS = DEBUG;
				SWIFT_OPTIMIZATION_LEVEL = "-Onone";
			};
			name = Debug;
		};
		94FCA15523CA91E500975C23 /* Release */ = {
			isa = XCBuildConfiguration;
			buildSettings = {
				ALWAYS_SEARCH_USER_PATHS = NO;
				CLANG_ANALYZER_NONNULL = YES;
				CLANG_ANALYZER_NUMBER_OBJECT_CONVERSION = YES_AGGRESSIVE;
				CLANG_CXX_LANGUAGE_STANDARD = "gnu++14";
				CLANG_CXX_LIBRARY = "libc++";
				CLANG_ENABLE_MODULES = YES;
				CLANG_ENABLE_OBJC_ARC = YES;
				CLANG_ENABLE_OBJC_WEAK = YES;
				CLANG_WARN_BLOCK_CAPTURE_AUTORELEASING = YES;
				CLANG_WARN_BOOL_CONVERSION = YES;
				CLANG_WARN_COMMA = YES;
				CLANG_WARN_CONSTANT_CONVERSION = YES;
				CLANG_WARN_DEPRECATED_OBJC_IMPLEMENTATIONS = YES;
				CLANG_WARN_DIRECT_OBJC_ISA_USAGE = YES_ERROR;
				CLANG_WARN_DOCUMENTATION_COMMENTS = YES;
				CLANG_WARN_EMPTY_BODY = YES;
				CLANG_WARN_ENUM_CONVERSION = YES;
				CLANG_WARN_INFINITE_RECURSION = YES;
				CLANG_WARN_INT_CONVERSION = YES;
				CLANG_WARN_NON_LITERAL_NULL_CONVERSION = YES;
				CLANG_WARN_OBJC_IMPLICIT_RETAIN_SELF = YES;
				CLANG_WARN_OBJC_LITERAL_CONVERSION = YES;
				CLANG_WARN_OBJC_ROOT_CLASS = YES_ERROR;
				CLANG_WARN_RANGE_LOOP_ANALYSIS = YES;
				CLANG_WARN_STRICT_PROTOTYPES = YES;
				CLANG_WARN_SUSPICIOUS_MOVE = YES;
				CLANG_WARN_UNGUARDED_AVAILABILITY = YES_AGGRESSIVE;
				CLANG_WARN_UNREACHABLE_CODE = YES;
				CLANG_WARN__DUPLICATE_METHOD_MATCH = YES;
				COPY_PHASE_STRIP = NO;
				DEBUG_INFORMATION_FORMAT = "dwarf-with-dsym";
				ENABLE_NS_ASSERTIONS = NO;
				ENABLE_STRICT_OBJC_MSGSEND = YES;
				GCC_C_LANGUAGE_STANDARD = gnu11;
				GCC_NO_COMMON_BLOCKS = YES;
				GCC_WARN_64_TO_32_BIT_CONVERSION = YES;
				GCC_WARN_ABOUT_RETURN_TYPE = YES_ERROR;
				GCC_WARN_UNDECLARED_SELECTOR = YES;
				GCC_WARN_UNINITIALIZED_AUTOS = YES_AGGRESSIVE;
				GCC_WARN_UNUSED_FUNCTION = YES;
				GCC_WARN_UNUSED_VARIABLE = YES;
				IPHONEOS_DEPLOYMENT_TARGET = 13.2;
				MTL_ENABLE_DEBUG_INFO = NO;
				MTL_FAST_MATH = YES;
				SDKROOT = iphoneos;
				SWIFT_COMPILATION_MODE = wholemodule;
				SWIFT_OPTIMIZATION_LEVEL = "-O";
				VALIDATE_PRODUCT = YES;
			};
			name = Release;
		};
		94FCA15723CA91E500975C23 /* Debug */ = {
			isa = XCBuildConfiguration;
			buildSettings = {
				ASSETCATALOG_COMPILER_APPICON_NAME = AppIcon;
				CODE_SIGN_IDENTITY = "iPhone Developer";
				CODE_SIGN_STYLE = Manual;
				DEVELOPMENT_TEAM = QJ338NEHQ4;
				INFOPLIST_FILE = Simple/Info.plist;
				LD_RUNPATH_SEARCH_PATHS = (
					"$(inherited)",
					"@executable_path/Frameworks",
				);
				PRODUCT_BUNDLE_IDENTIFIER = com.teamthick.buildz;
				PRODUCT_NAME = "$(TARGET_NAME)";
				PROVISIONING_PROFILE_SPECIFIER = "manual development com.teamthick.buildz";
				SWIFT_VERSION = 5.0;
				TARGETED_DEVICE_FAMILY = "1,2";
			};
			name = Debug;
		};
		94FCA15823CA91E500975C23 /* Release */ = {
			isa = XCBuildConfiguration;
			buildSettings = {
				ASSETCATALOG_COMPILER_APPICON_NAME = AppIcon;
				CODE_SIGN_IDENTITY = "iPhone Developer";
				CODE_SIGN_STYLE = Manual;
				DEVELOPMENT_TEAM = QJ338NEHQ4;
				INFOPLIST_FILE = Simple/Info.plist;
				LD_RUNPATH_SEARCH_PATHS = (
					"$(inherited)",
					"@executable_path/Frameworks",
				);
				PRODUCT_BUNDLE_IDENTIFIER = com.teamthick.buildz;
				PRODUCT_NAME = "$(TARGET_NAME)";
				PROVISIONING_PROFILE_SPECIFIER = "manual development com.teamthick.buildz";
				SWIFT_VERSION = 5.0;
				TARGETED_DEVICE_FAMILY = "1,2";
			};
			name = Release;
		};
		94FCA15A23CA91E500975C23 /* Debug */ = {
			isa = XCBuildConfiguration;
			buildSettings = {
				ALWAYS_EMBED_SWIFT_STANDARD_LIBRARIES = YES;
				BUNDLE_LOADER = "$(TEST_HOST)";
				CODE_SIGN_STYLE = Manual;
				DEVELOPMENT_TEAM = "";
				INFOPLIST_FILE = SimpleTests/Info.plist;
				IPHONEOS_DEPLOYMENT_TARGET = 13.2;
				LD_RUNPATH_SEARCH_PATHS = (
					"$(inherited)",
					"@executable_path/Frameworks",
					"@loader_path/Frameworks",
				);
				PRODUCT_BUNDLE_IDENTIFIER = com.teamthick.simpletests;
				PRODUCT_NAME = "$(TARGET_NAME)";
				PROVISIONING_PROFILE_SPECIFIER = "";
				"PROVISIONING_PROFILE_SPECIFIER[sdk=macosx*]" = "";
				SWIFT_VERSION = 5.0;
				TARGETED_DEVICE_FAMILY = "1,2";
				TEST_HOST = "$(BUILT_PRODUCTS_DIR)/Simple.app/Simple";
			};
			name = Debug;
		};
		94FCA15B23CA91E500975C23 /* Release */ = {
			isa = XCBuildConfiguration;
			buildSettings = {
				ALWAYS_EMBED_SWIFT_STANDARD_LIBRARIES = YES;
				BUNDLE_LOADER = "$(TEST_HOST)";
				CODE_SIGN_STYLE = Manual;
				DEVELOPMENT_TEAM = "";
				INFOPLIST_FILE = SimpleTests/Info.plist;
				IPHONEOS_DEPLOYMENT_TARGET = 13.2;
				LD_RUNPATH_SEARCH_PATHS = (
					"$(inherited)",
					"@executable_path/Frameworks",
					"@loader_path/Frameworks",
				);
				PRODUCT_BUNDLE_IDENTIFIER = com.teamthick.simpletests;
				PRODUCT_NAME = "$(TARGET_NAME)";
				PROVISIONING_PROFILE_SPECIFIER = "";
				"PROVISIONING_PROFILE_SPECIFIER[sdk=macosx*]" = "";
				SWIFT_VERSION = 5.0;
				TARGETED_DEVICE_FAMILY = "1,2";
				TEST_HOST = "$(BUILT_PRODUCTS_DIR)/Simple.app/Simple";
			};
			name = Release;
		};
/* End XCBuildConfiguration section */

/* Begin XCConfigurationList section */
		94FCA13223CA91E300975C23 /* Build configuration list for PBXProject "Simple" */ = {
			isa = XCConfigurationList;
			buildConfigurations = (
				94FCA15423CA91E500975C23 /* Debug */,
				94FCA15523CA91E500975C23 /* Release */,
			);
			defaultConfigurationIsVisible = 0;
			defaultConfigurationName = Release;
		};
		94FCA15623CA91E500975C23 /* Build configuration list for PBXNativeTarget "Simple" */ = {
			isa = XCConfigurationList;
			buildConfigurations = (
				94FCA15723CA91E500975C23 /* Debug */,
				94FCA15823CA91E500975C23 /* Release */,
			);
			defaultConfigurationIsVisible = 0;
			defaultConfigurationName = Release;
		};
		94FCA15923CA91E500975C23 /* Build configuration list for PBXNativeTarget "SimpleTests" */ = {
			isa = XCConfigurationList;
			buildConfigurations = (
				94FCA15A23CA91E500975C23 /* Debug */,
				94FCA15B23CA91E500975C23 /* Release */,
			);
			defaultConfigurationIsVisible = 0;
			defaultConfigurationName = Release;
		};
/* End XCConfigurationList section */
	};
	rootObject = 94FCA12F23CA91E300975C23 /* Project object */;
}
